
Microsoft Visual Studio Solution File, Format Version 12.00
# Visual Studio 15
VisualStudioVersion = 15.0.28307.572
MinimumVisualStudioVersion = 10.0.40219.1
Project("{FAE04EC0-301F-11D3-BF4B-00C04F79EFBC}") = "CurrentWeather", "CurrentWeather\CurrentWeather.csproj", "{0FCE733C-3150-466A-85A1-BE72BE63DB28}"
EndProject
Project("{FAE04EC0-301F-11D3-BF4B-00C04F79EFBC}") = "Model", "Model\Model.csproj", "{0910D3B6-5A42-443F-BFAF-DB426C8D2C84}"
EndProject
Global
	GlobalSection(SolutionConfigurationPlatforms) = preSolution
		Debug|Any CPU = Debug|Any CPU
		Release|Any CPU = Release|Any CPU
	EndGlobalSection
	GlobalSection(ProjectConfigurationPlatforms) = postSolution
		{0FCE733C-3150-466A-85A1-BE72BE63DB28}.Debug|Any CPU.ActiveCfg = Debug|Any CPU
		{0FCE733C-3150-466A-85A1-BE72BE63DB28}.Debug|Any CPU.Build.0 = Debug|Any CPU
		{0FCE733C-3150-466A-85A1-BE72BE63DB28}.Release|Any CPU.ActiveCfg = Release|Any CPU
		{0FCE733C-3150-466A-85A1-BE72BE63DB28}.Release|Any CPU.Build.0 = Release|Any CPU
		{0910D3B6-5A42-443F-BFAF-DB426C8D2C84}.Debug|Any CPU.ActiveCfg = Debug|Any CPU
		{0910D3B6-5A42-443F-BFAF-DB426C8D2C84}.Debug|Any CPU.Build.0 = Debug|Any CPU
		{0910D3B6-5A42-443F-BFAF-DB426C8D2C84}.Release|Any CPU.ActiveCfg = Release|Any CPU
		{0910D3B6-5A42-443F-BFAF-DB426C8D2C84}.Release|Any CPU.Build.0 = Release|Any CPU
	EndGlobalSection
	GlobalSection(SolutionProperties) = preSolution
		HideSolutionNode = FALSE
	EndGlobalSection
	GlobalSection(ExtensibilityGlobals) = postSolution
		SolutionGuid = {35A10F01-72BC-4263-AD84-F711DC6A6BFA}
	EndGlobalSection
EndGlobal
